
Microsoft Visual Studio Solution File, Format Version 12.00
# Visual Studio Version 17
VisualStudioVersion = 17.8.34511.84
MinimumVisualStudioVersion = 10.0.40219.1
Project("{FAE04EC0-301F-11D3-BF4B-00C04F79EFBC}") = "Door", "Door\Door.csproj", "{76ADAFD6-B2B6-4C07-A793-40A0890462DF}"
EndProject
Global
	GlobalSection(SolutionConfigurationPlatforms) = preSolution
		Debug|Any CPU = Debug|Any CPU
		Release|Any CPU = Release|Any CPU
	EndGlobalSection
	GlobalSection(ProjectConfigurationPlatforms) = postSolution
		{76ADAFD6-B2B6-4C07-A793-40A0890462DF}.Debug|Any CPU.ActiveCfg = Debug|Any CPU
		{76ADAFD6-B2B6-4C07-A793-40A0890462DF}.Debug|Any CPU.Build.0 = Debug|Any CPU
		{76ADAFD6-B2B6-4C07-A793-40A0890462DF}.Release|Any CPU.ActiveCfg = Release|Any CPU
		{76ADAFD6-B2B6-4C07-A793-40A0890462DF}.Release|Any CPU.Build.0 = Release|Any CPU
	EndGlobalSection
	GlobalSection(SolutionProperties) = preSolution
		HideSolutionNode = FALSE
	EndGlobalSection
	GlobalSection(ExtensibilityGlobals) = postSolution
		SolutionGuid = {7784F33A-D32D-4BB6-AED4-5CFF1837F6D8}
	EndGlobalSection
EndGlobal
